Microsoft Visual Studio Solution File, Format Version 12.00
# Visual Studio Version 16
VisualStudioVersion = 16.0.0.0
MinimumVisualStudioVersion = 16.0.0.0
Project("{9A19103F-16F7-4668-BE54-9A1E7A4F7556}") = "MeetNSeat.Server", "Server\MeetNSeat.Server.csproj", "{A0479371-999C-4EC8-984D-A71F57FA1369}"
EndProject
Project("{9A19103F-16F7-4668-BE54-9A1E7A4F7556}") = "MeetNSeat.Client", "Client\MeetNSeat.Client.csproj", "{1919A1F3-C54A-496D-9F08-3CDA45C78DB4}"
EndProject
Project("{9A19103F-16F7-4668-BE54-9A1E7A4F7556}") = "MeetNSeat.Shared", "Shared\MeetNSeat.Shared.csproj", "{C9DB94AA-6B90-47B9-87AA-4BB804C15FBD}"
EndProject
Project("{FAE04EC0-301F-11D3-BF4B-00C04F79EFBC}") = "MeetNSeat.Dal", "MeetNSeat.Dal\MeetNSeat.Dal.csproj", "{68AECAFB-EB90-4D27-A06F-0D0362BF4D33}"
EndProject
Project("{FAE04EC0-301F-11D3-BF4B-00C04F79EFBC}") = "MeatNSeat.Interfaces", "MeatNSeat.Interfaces\MeatNSeat.Interfaces.csproj", "{F9CDE4B2-3550-4A8C-A7A0-73D002E8FEC5}"
EndProject
Project("{FAE04EC0-301F-11D3-BF4B-00C04F79EFBC}") = "MeatNSeat.Factories", "MeatNSeat.Factories\MeatNSeat.Factories.csproj", "{7DF532ED-2D4B-486F-BAA1-0FD05F841D32}"
EndProject
Project("{FAE04EC0-301F-11D3-BF4B-00C04F79EFBC}") = "MeatNSeat.Tests", "MeatNSeat.Tests\MeatNSeat.Tests.csproj", "{00A4EFBC-D417-4570-9F59-D818F0010941}"
EndProject
Global
	GlobalSection(SolutionConfigurationPlatforms) = preSolution
		Debug|Any CPU = Debug|Any CPU
		Debug|x64 = Debug|x64
		Debug|x86 = Debug|x86
		Release|Any CPU = Release|Any CPU
		Release|x64 = Release|x64
		Release|x86 = Release|x86
	EndGlobalSection
	GlobalSection(ProjectConfigurationPlatforms) = postSolution
		{A0479371-999C-4EC8-984D-A71F57FA1369}.Debug|Any CPU.ActiveCfg = Debug|Any CPU
		{A0479371-999C-4EC8-984D-A71F57FA1369}.Debug|Any CPU.Build.0 = Debug|Any CPU
		{A0479371-999C-4EC8-984D-A71F57FA1369}.Debug|x64.ActiveCfg = Debug|Any CPU
		{A0479371-999C-4EC8-984D-A71F57FA1369}.Debug|x64.Build.0 = Debug|Any CPU
		{A0479371-999C-4EC8-984D-A71F57FA1369}.Debug|x86.ActiveCfg = Debug|Any CPU
		{A0479371-999C-4EC8-984D-A71F57FA1369}.Debug|x86.Build.0 = Debug|Any CPU
		{A0479371-999C-4EC8-984D-A71F57FA1369}.Release|Any CPU.ActiveCfg = Release|Any CPU
		{A0479371-999C-4EC8-984D-A71F57FA1369}.Release|Any CPU.Build.0 = Release|Any CPU
		{A0479371-999C-4EC8-984D-A71F57FA1369}.Release|x64.ActiveCfg = Release|Any CPU
		{A0479371-999C-4EC8-984D-A71F57FA1369}.Release|x64.Build.0 = Release|Any CPU
		{A0479371-999C-4EC8-984D-A71F57FA1369}.Release|x86.ActiveCfg = Release|Any CPU
		{A0479371-999C-4EC8-984D-A71F57FA1369}.Release|x86.Build.0 = Release|Any CPU
		{1919A1F3-C54A-496D-9F08-3CDA45C78DB4}.Debug|Any CPU.ActiveCfg = Debug|Any CPU
		{1919A1F3-C54A-496D-9F08-3CDA45C78DB4}.Debug|Any CPU.Build.0 = Debug|Any CPU
		{1919A1F3-C54A-496D-9F08-3CDA45C78DB4}.Debug|x64.ActiveCfg = Debug|Any CPU
		{1919A1F3-C54A-496D-9F08-3CDA45C78DB4}.Debug|x64.Build.0 = Debug|Any CPU
		{1919A1F3-C54A-496D-9F08-3CDA45C78DB4}.Debug|x86.ActiveCfg = Debug|Any CPU
		{1919A1F3-C54A-496D-9F08-3CDA45C78DB4}.Debug|x86.Build.0 = Debug|Any CPU
		{1919A1F3-C54A-496D-9F08-3CDA45C78DB4}.Release|Any CPU.ActiveCfg = Release|Any CPU
		{1919A1F3-C54A-496D-9F08-3CDA45C78DB4}.Release|Any CPU.Build.0 = Release|Any CPU
		{1919A1F3-C54A-496D-9F08-3CDA45C78DB4}.Release|x64.ActiveCfg = Release|Any CPU
		{1919A1F3-C54A-496D-9F08-3CDA45C78DB4}.Release|x64.Build.0 = Release|Any CPU
		{1919A1F3-C54A-496D-9F08-3CDA45C78DB4}.Release|x86.ActiveCfg = Release|Any CPU
		{1919A1F3-C54A-496D-9F08-3CDA45C78DB4}.Release|x86.Build.0 = Release|Any CPU
		{C9DB94AA-6B90-47B9-87AA-4BB804C15FBD}.Debug|Any CPU.ActiveCfg = Debug|Any CPU
		{C9DB94AA-6B90-47B9-87AA-4BB804C15FBD}.Debug|Any CPU.Build.0 = Debug|Any CPU
		{C9DB94AA-6B90-47B9-87AA-4BB804C15FBD}.Debug|x64.ActiveCfg = Debug|Any CPU
		{C9DB94AA-6B90-47B9-87AA-4BB804C15FBD}.Debug|x64.Build.0 = Debug|Any CPU
		{C9DB94AA-6B90-47B9-87AA-4BB804C15FBD}.Debug|x86.ActiveCfg = Debug|Any CPU
		{C9DB94AA-6B90-47B9-87AA-4BB804C15FBD}.Debug|x86.Build.0 = Debug|Any CPU
		{C9DB94AA-6B90-47B9-87AA-4BB804C15FBD}.Release|Any CPU.ActiveCfg = Release|Any CPU
		{C9DB94AA-6B90-47B9-87AA-4BB804C15FBD}.Release|Any CPU.Build.0 = Release|Any CPU
		{C9DB94AA-6B90-47B9-87AA-4BB804C15FBD}.Release|x64.ActiveCfg = Release|Any CPU
		{C9DB94AA-6B90-47B9-87AA-4BB804C15FBD}.Release|x64.Build.0 = Release|Any CPU
		{C9DB94AA-6B90-47B9-87AA-4BB804C15FBD}.Release|x86.ActiveCfg = Release|Any CPU
		{C9DB94AA-6B90-47B9-87AA-4BB804C15FBD}.Release|x86.Build.0 = Release|Any CPU
		{68AECAFB-EB90-4D27-A06F-0D0362BF4D33}.Debug|Any CPU.ActiveCfg = Debug|Any CPU
		{68AECAFB-EB90-4D27-A06F-0D0362BF4D33}.Debug|Any CPU.Build.0 = Debug|Any CPU
		{68AECAFB-EB90-4D27-A06F-0D0362BF4D33}.Debug|x64.ActiveCfg = Debug|Any CPU
		{68AECAFB-EB90-4D27-A06F-0D0362BF4D33}.Debug|x64.Build.0 = Debug|Any CPU
		{68AECAFB-EB90-4D27-A06F-0D0362BF4D33}.Debug|x86.ActiveCfg = Debug|Any CPU
		{68AECAFB-EB90-4D27-A06F-0D0362BF4D33}.Debug|x86.Build.0 = Debug|Any CPU
		{68AECAFB-EB90-4D27-A06F-0D0362BF4D33}.Release|Any CPU.ActiveCfg = Release|Any CPU
		{68AECAFB-EB90-4D27-A06F-0D0362BF4D33}.Release|Any CPU.Build.0 = Release|Any CPU
		{68AECAFB-EB90-4D27-A06F-0D0362BF4D33}.Release|x64.ActiveCfg = Release|Any CPU
		{68AECAFB-EB90-4D27-A06F-0D0362BF4D33}.Release|x64.Build.0 = Release|Any CPU
		{68AECAFB-EB90-4D27-A06F-0D0362BF4D33}.Release|x86.ActiveCfg = Release|Any CPU
		{68AECAFB-EB90-4D27-A06F-0D0362BF4D33}.Release|x86.Build.0 = Release|Any CPU
		{F9CDE4B2-3550-4A8C-A7A0-73D002E8FEC5}.Debug|Any CPU.ActiveCfg = Debug|Any CPU
		{F9CDE4B2-3550-4A8C-A7A0-73D002E8FEC5}.Debug|Any CPU.Build.0 = Debug|Any CPU
		{F9CDE4B2-3550-4A8C-A7A0-73D002E8FEC5}.Debug|x64.ActiveCfg = Debug|Any CPU
		{F9CDE4B2-3550-4A8C-A7A0-73D002E8FEC5}.Debug|x64.Build.0 = Debug|Any CPU
		{F9CDE4B2-3550-4A8C-A7A0-73D002E8FEC5}.Debug|x86.ActiveCfg = Debug|Any CPU
		{F9CDE4B2-3550-4A8C-A7A0-73D002E8FEC5}.Debug|x86.Build.0 = Debug|Any CPU
		{F9CDE4B2-3550-4A8C-A7A0-73D002E8FEC5}.Release|Any CPU.ActiveCfg = Release|Any CPU
		{F9CDE4B2-3550-4A8C-A7A0-73D002E8FEC5}.Release|Any CPU.Build.0 = Release|Any CPU
		{F9CDE4B2-3550-4A8C-A7A0-73D002E8FEC5}.Release|x64.ActiveCfg = Release|Any CPU
		{F9CDE4B2-3550-4A8C-A7A0-73D002E8FEC5}.Release|x64.Build.0 = Release|Any CPU
		{F9CDE4B2-3550-4A8C-A7A0-73D002E8FEC5}.Release|x86.ActiveCfg = Release|Any CPU
		{F9CDE4B2-3550-4A8C-A7A0-73D002E8FEC5}.Release|x86.Build.0 = Release|Any CPU
		{7DF532ED-2D4B-486F-BAA1-0FD05F841D32}.Debug|Any CPU.ActiveCfg = Debug|Any CPU
		{7DF532ED-2D4B-486F-BAA1-0FD05F841D32}.Debug|Any CPU.Build.0 = Debug|Any CPU
		{7DF532ED-2D4B-486F-BAA1-0FD05F841D32}.Debug|x64.ActiveCfg = Debug|Any CPU
		{7DF532ED-2D4B-486F-BAA1-0FD05F841D32}.Debug|x64.Build.0 = Debug|Any CPU
		{7DF532ED-2D4B-486F-BAA1-0FD05F841D32}.Debug|x86.ActiveCfg = Debug|Any CPU
		{7DF532ED-2D4B-486F-BAA1-0FD05F841D32}.Debug|x86.Build.0 = Debug|Any CPU
		{7DF532ED-2D4B-486F-BAA1-0FD05F841D32}.Release|Any CPU.ActiveCfg = Release|Any CPU
		{7DF532ED-2D4B-486F-BAA1-0FD05F841D32}.Release|Any CPU.Build.0 = Release|Any CPU
		{7DF532ED-2D4B-486F-BAA1-0FD05F841D32}.Release|x64.ActiveCfg = Release|Any CPU
		{7DF532ED-2D4B-486F-BAA1-0FD05F841D32}.Release|x64.Build.0 = Release|Any CPU
		{7DF532ED-2D4B-486F-BAA1-0FD05F841D32}.Release|x86.ActiveCfg = Release|Any CPU
		{7DF532ED-2D4B-486F-BAA1-0FD05F841D32}.Release|x86.Build.0 = Release|Any CPU
		{00A4EFBC-D417-4570-9F59-D818F0010941}.Debug|Any CPU.ActiveCfg = Debug|Any CPU
		{00A4EFBC-D417-4570-9F59-D818F0010941}.Debug|Any CPU.Build.0 = Debug|Any CPU
		{00A4EFBC-D417-4570-9F59-D818F0010941}.Debug|x64.ActiveCfg = Debug|Any CPU
		{00A4EFBC-D417-4570-9F59-D818F0010941}.Debug|x64.Build.0 = Debug|Any CPU
		{00A4EFBC-D417-4570-9F59-D818F0010941}.Debug|x86.ActiveCfg = Debug|Any CPU
		{00A4EFBC-D417-4570-9F59-D818F0010941}.Debug|x86.Build.0 = Debug|Any CPU
		{00A4EFBC-D417-4570-9F59-D818F0010941}.Release|Any CPU.ActiveCfg = Release|Any CPU
		{00A4EFBC-D417-4570-9F59-D818F0010941}.Release|Any CPU.Build.0 = Release|Any CPU
		{00A4EFBC-D417-4570-9F59-D818F0010941}.Release|x64.ActiveCfg = Release|Any CPU
		{00A4EFBC-D417-4570-9F59-D818F0010941}.Release|x64.Build.0 = Release|Any CPU
		{00A4EFBC-D417-4570-9F59-D818F0010941}.Release|x86.ActiveCfg = Release|Any CPU
		{00A4EFBC-D417-4570-9F59-D818F0010941}.Release|x86.Build.0 = Release|Any CPU
	EndGlobalSection
	GlobalSection(SolutionProperties) = preSolution
		HideSolutionNode = FALSE
	EndGlobalSection
	GlobalSection(ExtensibilityGlobals) = postSolution
		SolutionGuid = {F66559B7-06C2-4A04-9293-D97AE3A50B2D}
	EndGlobalSection
EndGlobal
